
Microsoft Visual Studio Solution File, Format Version 12.00
# Visual Studio 14
VisualStudioVersion = 14.0.23107.0
MinimumVisualStudioVersion = 10.0.40219.1
Project("{FAE04EC0-301F-11D3-BF4B-00C04F79EFBC}") = "PlotIt", "PlotIt\PlotIt.csproj", "{604B9EF1-1D18-4667-9B02-F24B48E8E2A7}"
EndProject
Project("{FAE04EC0-301F-11D3-BF4B-00C04F79EFBC}") = "PlottingGraphsSystem", "..\WindowsFormsApplication4\WindowsFormsApplication4\PlottingGraphsSystem.csproj", "{B0CC7653-CACC-454B-B3D8-E4E9E38A95C3}"
EndProject
Global
	GlobalSection(SolutionConfigurationPlatforms) = preSolution
		Debug|Any CPU = Debug|Any CPU
		Release|Any CPU = Release|Any CPU
	EndGlobalSection
	GlobalSection(ProjectConfigurationPlatforms) = postSolution
		{604B9EF1-1D18-4667-9B02-F24B48E8E2A7}.Debug|Any CPU.ActiveCfg = Debug|Any CPU
		{604B9EF1-1D18-4667-9B02-F24B48E8E2A7}.Debug|Any CPU.Build.0 = Debug|Any CPU
		{604B9EF1-1D18-4667-9B02-F24B48E8E2A7}.Release|Any CPU.ActiveCfg = Release|Any CPU
		{604B9EF1-1D18-4667-9B02-F24B48E8E2A7}.Release|Any CPU.Build.0 = Release|Any CPU
		{B0CC7653-CACC-454B-B3D8-E4E9E38A95C3}.Debug|Any CPU.ActiveCfg = Debug|Any CPU
		{B0CC7653-CACC-454B-B3D8-E4E9E38A95C3}.Debug|Any CPU.Build.0 = Debug|Any CPU
		{B0CC7653-CACC-454B-B3D8-E4E9E38A95C3}.Release|Any CPU.ActiveCfg = Release|Any CPU
		{B0CC7653-CACC-454B-B3D8-E4E9E38A95C3}.Release|Any CPU.Build.0 = Release|Any CPU
	EndGlobalSection
	GlobalSection(SolutionProperties) = preSolution
		HideSolutionNode = FALSE
	EndGlobalSection
EndGlobal
